
Microsoft Visual Studio Solution File, Format Version 12.00
# Visual Studio Version 17
VisualStudioVersion = 17.11.35327.3
MinimumVisualStudioVersion = 10.0.40219.1
Project("{FAE04EC0-301F-11D3-BF4B-00C04F79EFBC}") = "WpfApp2", "WpfApp2.csproj", "{EE7AD895-46B5-4DF2-980C-2141DFB36C69}"
EndProject
Global
	GlobalSection(SolutionConfigurationPlatforms) = preSolution
		Debug|Any CPU = Debug|Any CPU
		Release|Any CPU = Release|Any CPU
	EndGlobalSection
	GlobalSection(ProjectConfigurationPlatforms) = postSolution
		{EE7AD895-46B5-4DF2-980C-2141DFB36C69}.Debug|Any CPU.ActiveCfg = Debug|Any CPU
		{EE7AD895-46B5-4DF2-980C-2141DFB36C69}.Debug|Any CPU.Build.0 = Debug|Any CPU
		{EE7AD895-46B5-4DF2-980C-2141DFB36C69}.Release|Any CPU.ActiveCfg = Release|Any CPU
		{EE7AD895-46B5-4DF2-980C-2141DFB36C69}.Release|Any CPU.Build.0 = Release|Any CPU
	EndGlobalSection
	GlobalSection(SolutionProperties) = preSolution
		HideSolutionNode = FALSE
	EndGlobalSection
	GlobalSection(ExtensibilityGlobals) = postSolution
		SolutionGuid = {25D5E937-54C3-4C07-AFE8-6C9F1F963AEE}
	EndGlobalSection
EndGlobal
